{
  "version": 4,
  "terraform_version": "1.9.8",
  "serial": 216,
  "lineage": "707edd61-55f4-7989-a949-634f9e3ab5e4",
  "outputs": {
    "internet-gateway-id": {
      "value": "igw-05a8c10289688e106",
      "type": "string"
    },
    "private-route-table-id": {
      "value": "rtb-0d184516ec40c554a",
      "type": "string"
    },
    "private-subnet-id": {
      "value": {
        "arn": "arn:aws:ec2:ap-southeast-1:774305578623:subnet/subnet-012457b3130338c28",
        "assign_ipv6_address_on_creation": false,
        "availability_zone": "ap-southeast-1a",
        "availability_zone_id": "apse1-az1",
        "cidr_block": "10.0.0.16/28",
        "customer_owned_ipv4_pool": "",
        "enable_dns64": false,
        "enable_lni_at_device_index": 0,
        "enable_resource_name_dns_a_record_on_launch": false,
        "enable_resource_name_dns_aaaa_record_on_launch": false,
        "id": "subnet-012457b3130338c28",
        "ipv6_cidr_block": "",
        "ipv6_cidr_block_association_id": "",
        "ipv6_native": false,
        "map_customer_owned_ip_on_launch": false,
        "map_public_ip_on_launch": false,
        "outpost_arn": "",
        "owner_id": "774305578623",
        "private_dns_hostname_type_on_launch": "ip-name",
        "tags": {
          "Costcenter": "devops2402",
          "Name": "cau-private-subnet-Dec2-1"
        },
        "tags_all": {
          "Costcenter": "devops2402",
          "Name": "cau-private-subnet-Dec2-1"
        },
        "timeouts": null,
        "vpc_id": "vpc-0d1c3df04231b05fa"
      },
      "type": [
        "object",
        {
          "arn": "string",
          "assign_ipv6_address_on_creation": "bool",
          "availability_zone": "string",
          "availability_zone_id": "string",
          "cidr_block": "string",
          "customer_owned_ipv4_pool": "string",
          "enable_dns64": "bool",
          "enable_lni_at_device_index": "number",
          "enable_resource_name_dns_a_record_on_launch": "bool",
          "enable_resource_name_dns_aaaa_record_on_launch": "bool",
          "id": "string",
          "ipv6_cidr_block": "string",
          "ipv6_cidr_block_association_id": "string",
          "ipv6_native": "bool",
          "map_customer_owned_ip_on_launch": "bool",
          "map_public_ip_on_launch": "bool",
          "outpost_arn": "string",
          "owner_id": "string",
          "private_dns_hostname_type_on_launch": "string",
          "tags": [
            "map",
            "string"
          ],
          "tags_all": [
            "map",
            "string"
          ],
          "timeouts": [
            "object",
            {
              "create": "string",
              "delete": "string"
            }
          ],
          "vpc_id": "string"
        }
      ]
    },
    "public-ec2-private-IP": {
      "value": "10.0.0.4",
      "type": "string"
    },
    "public-ec2-public-IP": {
      "value": "47.129.178.133",
      "type": "string"
    },
    "public-route-table-id": {
      "value": "rtb-0516c8f683ab3d137",
      "type": "string"
    },
    "public-subnet-id": {
      "value": "subnet-0d53dec704f1041f0",
      "type": "string"
    },
    "vpc-id": {
      "value": "vpc-0d1c3df04231b05fa",
      "type": "string"
    }
  },
  "resources": [
    {
      "mode": "data",
      "type": "aws_ami",
      "name": "ubuntu",
      "provider": "provider[\"registry.terraform.io/hashicorp/aws\"]",
      "instances": [
        {
          "schema_version": 0,
          "attributes": {
            "architecture": "x86_64",
            "arn": "arn:aws:ec2:ap-southeast-1::image/ami-045f9c1ecb56d9532",
            "block_device_mappings": [
              {
                "device_name": "/dev/sda1",
                "ebs": {
                  "delete_on_termination": "true",
                  "encrypted": "false",
                  "iops": "0",
                  "snapshot_id": "snap-0e8385dba39edc811",
                  "throughput": "0",
                  "volume_size": "8",
                  "volume_type": "gp2"
                },
                "no_device": "",
                "virtual_name": ""
              },
              {
                "device_name": "/dev/sdb",
                "ebs": {},
                "no_device": "",
                "virtual_name": "ephemeral0"
              },
              {
                "device_name": "/dev/sdc",
                "ebs": {},
                "no_device": "",
                "virtual_name": "ephemeral1"
              }
            ],
            "boot_mode": "uefi-preferred",
            "creation_date": "2024-11-20T02:43:10.000Z",
            "deprecation_time": "2026-11-20T02:43:10.000Z",
            "description": "Canonical, Ubuntu, 22.04 LTS, amd64 jammy image build on 2024-11-20",
            "ena_support": true,
            "executable_users": null,
            "filter": [
              {
                "name": "name",
                "values": [
                  "ubuntu/images/hvm-ssd/ubuntu-jammy-22.04-amd64-server-*"
                ]
              },
              {
                "name": "virtualization-type",
                "values": [
                  "hvm"
                ]
              }
            ],
            "hypervisor": "xen",
            "id": "ami-045f9c1ecb56d9532",
            "image_id": "ami-045f9c1ecb56d9532",
            "image_location": "amazon/ubuntu/images/hvm-ssd/ubuntu-jammy-22.04-amd64-server-20241120",
            "image_owner_alias": "amazon",
            "image_type": "machine",
            "imds_support": "",
            "include_deprecated": false,
            "kernel_id": "",
            "most_recent": true,
            "name": "ubuntu/images/hvm-ssd/ubuntu-jammy-22.04-amd64-server-20241120",
            "name_regex": null,
            "owner_id": "099720109477",
            "owners": [
              "099720109477"
            ],
            "platform": "",
            "platform_details": "Linux/UNIX",
            "product_codes": [],
            "public": true,
            "ramdisk_id": "",
            "root_device_name": "/dev/sda1",
            "root_device_type": "ebs",
            "root_snapshot_id": "snap-0e8385dba39edc811",
            "sriov_net_support": "simple",
            "state": "available",
            "state_reason": {
              "code": "UNSET",
              "message": "UNSET"
            },
            "tags": {},
            "timeouts": null,
            "tpm_support": "",
            "usage_operation": "RunInstances",
            "virtualization_type": "hvm"
          },
          "sensitive_attributes": []
        }
      ]
    },
    {
      "mode": "managed",
      "type": "aws_instance",
      "name": "private-ec2",
      "provider": "provider[\"registry.terraform.io/hashicorp/aws\"]",
      "instances": [
        {
          "schema_version": 1,
          "attributes": {
            "ami": "ami-045f9c1ecb56d9532",
            "arn": "arn:aws:ec2:ap-southeast-1:774305578623:instance/i-0dd93c8307ad61cfb",
            "associate_public_ip_address": false,
            "availability_zone": "ap-southeast-1a",
            "capacity_reservation_specification": [
              {
                "capacity_reservation_preference": "open",
                "capacity_reservation_target": []
              }
            ],
            "cpu_core_count": 1,
            "cpu_options": [
              {
                "amd_sev_snp": "",
                "core_count": 1,
                "threads_per_core": 1
              }
            ],
            "cpu_threads_per_core": 1,
            "credit_specification": [
              {
                "cpu_credits": "standard"
              }
            ],
            "disable_api_stop": false,
            "disable_api_termination": false,
            "ebs_block_device": [
              {
                "delete_on_termination": false,
                "device_name": "/dev/sdi",
                "encrypted": false,
                "iops": 100,
                "kms_key_id": "",
                "snapshot_id": "",
                "tags": {},
                "tags_all": {},
                "throughput": 0,
                "volume_id": "vol-025f54962e30a4048",
                "volume_size": 20,
                "volume_type": "gp2"
              }
            ],
            "ebs_optimized": false,
            "enclave_options": [
              {
                "enabled": false
              }
            ],
            "ephemeral_block_device": [],
            "get_password_data": false,
            "hibernation": false,
            "host_id": "",
            "host_resource_group_arn": null,
            "iam_instance_profile": "",
            "id": "i-0dd93c8307ad61cfb",
            "instance_initiated_shutdown_behavior": "stop",
            "instance_lifecycle": "",
            "instance_market_options": [],
            "instance_state": "running",
            "instance_type": "t2.micro",
            "ipv6_address_count": 0,
            "ipv6_addresses": [],
            "key_name": "private-ec2-public-key",
            "launch_template": [],
            "maintenance_options": [
              {
                "auto_recovery": "default"
              }
            ],
            "metadata_options": [
              {
                "http_endpoint": "enabled",
                "http_protocol_ipv6": "disabled",
                "http_put_response_hop_limit": 1,
                "http_tokens": "optional",
                "instance_metadata_tags": "disabled"
              }
            ],
            "monitoring": false,
            "network_interface": [],
            "outpost_arn": "",
            "password_data": "",
            "placement_group": "",
            "placement_partition_number": 0,
            "primary_network_interface_id": "eni-0a086053f913ea411",
            "private_dns": "ip-10-0-0-20.ap-southeast-1.compute.internal",
            "private_dns_name_options": [
              {
                "enable_resource_name_dns_a_record": false,
                "enable_resource_name_dns_aaaa_record": false,
                "hostname_type": "ip-name"
              }
            ],
            "private_ip": "10.0.0.20",
            "public_dns": "",
            "public_ip": "",
            "root_block_device": [
              {
                "delete_on_termination": true,
                "device_name": "/dev/sda1",
                "encrypted": false,
                "iops": 100,
                "kms_key_id": "",
                "tags": null,
                "tags_all": {},
                "throughput": 0,
                "volume_id": "vol-080bef1895aeb7dbc",
                "volume_size": 20,
                "volume_type": "gp2"
              }
            ],
            "secondary_private_ips": [],
            "security_groups": [
              "sg-0bcb5f1be3205b860"
            ],
            "source_dest_check": true,
            "spot_instance_request_id": "",
            "subnet_id": "subnet-012457b3130338c28",
            "tags": {
              "Costcenter": "devops2402",
              "Name": "cau-private-ec2-Dec2"
            },
            "tags_all": {
              "Costcenter": "devops2402",
              "Name": "cau-private-ec2-Dec2"
            },
            "tenancy": "default",
            "timeouts": null,
            "user_data": null,
            "user_data_base64": null,
            "user_data_replace_on_change": false,
            "volume_tags": null,
            "vpc_security_group_ids": [
              "sg-0bcb5f1be3205b860"
            ]
          },
          "sensitive_attributes": [],
          "private": "eyJlMmJmYjczMC1lY2FhLTExZTYtOGY4OC0zNDM2M2JjN2M0YzAiOnsiY3JlYXRlIjo2MDAwMDAwMDAwMDAsImRlbGV0ZSI6MTIwMDAwMDAwMDAwMCwicmVhZCI6OTAwMDAwMDAwMDAwLCJ1cGRhdGUiOjYwMDAwMDAwMDAwMH0sInNjaGVtYV92ZXJzaW9uIjoiMSJ9",
          "dependencies": [
            "aws_key_pair.private-ec2-key-pair",
            "aws_security_group.securitygr-private-ec2",
            "aws_subnet.cau-private-subnet-Dec2-1",
            "aws_vpc.cau-vpc-Dec2-1",
            "data.aws_ami.ubuntu",
            "tls_private_key.private-ec2-key-pair-generator"
          ]
        }
      ]
    },
    {
      "mode": "managed",
      "type": "aws_instance",
      "name": "public-ec2",
      "provider": "provider[\"registry.terraform.io/hashicorp/aws\"]",
      "instances": [
        {
          "schema_version": 1,
          "attributes": {
            "ami": "ami-045f9c1ecb56d9532",
            "arn": "arn:aws:ec2:ap-southeast-1:774305578623:instance/i-05e648684daa1f024",
            "associate_public_ip_address": true,
            "availability_zone": "ap-southeast-1c",
            "capacity_reservation_specification": [
              {
                "capacity_reservation_preference": "open",
                "capacity_reservation_target": []
              }
            ],
            "cpu_core_count": 1,
            "cpu_options": [
              {
                "amd_sev_snp": "",
                "core_count": 1,
                "threads_per_core": 1
              }
            ],
            "cpu_threads_per_core": 1,
            "credit_specification": [
              {
                "cpu_credits": "standard"
              }
            ],
            "disable_api_stop": false,
            "disable_api_termination": false,
            "ebs_block_device": [],
            "ebs_optimized": false,
            "enclave_options": [
              {
                "enabled": false
              }
            ],
            "ephemeral_block_device": [],
            "get_password_data": false,
            "hibernation": false,
            "host_id": "",
            "host_resource_group_arn": null,
            "iam_instance_profile": "",
            "id": "i-05e648684daa1f024",
            "instance_initiated_shutdown_behavior": "stop",
            "instance_lifecycle": "",
            "instance_market_options": [],
            "instance_state": "running",
            "instance_type": "t2.micro",
            "ipv6_address_count": 0,
            "ipv6_addresses": [],
            "key_name": "public-ec2-key-pair",
            "launch_template": [],
            "maintenance_options": [
              {
                "auto_recovery": "default"
              }
            ],
            "metadata_options": [
              {
                "http_endpoint": "enabled",
                "http_protocol_ipv6": "disabled",
                "http_put_response_hop_limit": 1,
                "http_tokens": "optional",
                "instance_metadata_tags": "disabled"
              }
            ],
            "monitoring": false,
            "network_interface": [],
            "outpost_arn": "",
            "password_data": "",
            "placement_group": "",
            "placement_partition_number": 0,
            "primary_network_interface_id": "eni-0bb87b20c9a0422c2",
            "private_dns": "ip-10-0-0-4.ap-southeast-1.compute.internal",
            "private_dns_name_options": [
              {
                "enable_resource_name_dns_a_record": false,
                "enable_resource_name_dns_aaaa_record": false,
                "hostname_type": "ip-name"
              }
            ],
            "private_ip": "10.0.0.4",
            "public_dns": "",
            "public_ip": "47.129.178.133",
            "root_block_device": [
              {
                "delete_on_termination": true,
                "device_name": "/dev/sda1",
                "encrypted": false,
                "iops": 100,
                "kms_key_id": "",
                "tags": {},
                "tags_all": {},
                "throughput": 0,
                "volume_id": "vol-07835f7684b557b41",
                "volume_size": 8,
                "volume_type": "gp2"
              }
            ],
            "secondary_private_ips": [],
            "security_groups": [
              "sg-04036ba2059f2e3ae"
            ],
            "source_dest_check": true,
            "spot_instance_request_id": "",
            "subnet_id": "subnet-0d53dec704f1041f0",
            "tags": {
              "Costcenter": "devops2402",
              "Name": "cau-public-ec2-Dec2"
            },
            "tags_all": {
              "Costcenter": "devops2402",
              "Name": "cau-public-ec2-Dec2"
            },
            "tenancy": "default",
            "timeouts": null,
            "user_data": null,
            "user_data_base64": null,
            "user_data_replace_on_change": false,
            "volume_tags": null,
            "vpc_security_group_ids": [
              "sg-04036ba2059f2e3ae"
            ]
          },
          "sensitive_attributes": [],
          "private": "eyJlMmJmYjczMC1lY2FhLTExZTYtOGY4OC0zNDM2M2JjN2M0YzAiOnsiY3JlYXRlIjo2MDAwMDAwMDAwMDAsImRlbGV0ZSI6MTIwMDAwMDAwMDAwMCwicmVhZCI6OTAwMDAwMDAwMDAwLCJ1cGRhdGUiOjYwMDAwMDAwMDAwMH0sInNjaGVtYV92ZXJzaW9uIjoiMSJ9",
          "dependencies": [
            "aws_key_pair.public-ec2-key-pair",
            "aws_security_group.securitygr-public-ec2",
            "aws_subnet.cau-public-subnet-Dec2-1",
            "aws_vpc.cau-vpc-Dec2-1",
            "data.aws_ami.ubuntu",
            "tls_private_key.public-ec2-key-pair-generator"
          ]
        }
      ]
    },
    {
      "mode": "managed",
      "type": "aws_internet_gateway",
      "name": "cau-internetgw-Dec2",
      "provider": "provider[\"registry.terraform.io/hashicorp/aws\"]",
      "instances": [
        {
          "schema_version": 0,
          "attributes": {
            "arn": "arn:aws:ec2:ap-southeast-1:774305578623:internet-gateway/igw-05a8c10289688e106",
            "id": "igw-05a8c10289688e106",
            "owner_id": "774305578623",
            "tags": {
              "Costcenter": "devops2402",
              "Name": "cau-internetgw-Dec2"
            },
            "tags_all": {
              "Costcenter": "devops2402",
              "Name": "cau-internetgw-Dec2"
            },
            "timeouts": null,
            "vpc_id": "vpc-0d1c3df04231b05fa"
          },
          "sensitive_attributes": [],
          "private": "eyJlMmJmYjczMC1lY2FhLTExZTYtOGY4OC0zNDM2M2JjN2M0YzAiOnsiY3JlYXRlIjoxMjAwMDAwMDAwMDAwLCJkZWxldGUiOjEyMDAwMDAwMDAwMDAsInVwZGF0ZSI6MTIwMDAwMDAwMDAwMH19",
          "dependencies": [
            "aws_vpc.cau-vpc-Dec2-1"
          ]
        }
      ]
    },
    {
      "mode": "managed",
      "type": "aws_key_pair",
      "name": "private-ec2-key-pair",
      "provider": "provider[\"registry.terraform.io/hashicorp/aws\"]",
      "instances": [
        {
          "schema_version": 1,
          "attributes": {
            "arn": "arn:aws:ec2:ap-southeast-1:774305578623:key-pair/private-ec2-public-key",
            "fingerprint": "bb:9f:b1:86:47:79:4f:db:59:12:66:f9:42:32:80:6d",
            "id": "private-ec2-public-key",
            "key_name": "private-ec2-public-key",
            "key_name_prefix": "",
            "key_pair_id": "key-04cf4cb76681fc600",
            "key_type": "rsa",
            "public_key": "ssh-rsa AAAAB3NzaC1yc2EAAAADAQABAAABAQDF8HJRxbg3lhQTkzlUqdE5R026TFEWlxEpY+EntPUSrxsZikx0zYGQyNV648WSAiRSFxGQg0oJOa7lUuZ1crwC32RBoj19pA9CrwNIONN1o48GYmqMMoWuljf56HSzbJb9vQca3qYiuGyCsiKsg+C9SDyE2wwflktAGV8NqKknlJcOb6obd1K1uAHoj03gg2V4+Frhni7/GxvpKIo5B1rEwxJ0pBlIt3ov4GygZTtG/xbOT8nVuJ4gtQGutQCYed93VOXaSlUESdHoQh4o7/zUORIBk/ElLeRjvyyRaPT5j+6QNcUtmevKa9sgh4hqjhlkhHYBVVAmKaE9s/xx2/7H",
            "tags": {
              "Costcenter": "devops2402"
            },
            "tags_all": {
              "Costcenter": "devops2402"
            }
          },
          "sensitive_attributes": [],
          "private": "eyJzY2hlbWFfdmVyc2lvbiI6IjEifQ==",
          "dependencies": [
            "tls_private_key.private-ec2-key-pair-generator"
          ]
        }
      ]
    },
    {
      "mode": "managed",
      "type": "aws_key_pair",
      "name": "public-ec2-key-pair",
      "provider": "provider[\"registry.terraform.io/hashicorp/aws\"]",
      "instances": [
        {
          "schema_version": 1,
          "attributes": {
            "arn": "arn:aws:ec2:ap-southeast-1:774305578623:key-pair/public-ec2-key-pair",
            "fingerprint": "98:38:95:34:e5:ad:5e:70:19:a8:ea:57:16:be:37:b3",
            "id": "public-ec2-key-pair",
            "key_name": "public-ec2-key-pair",
            "key_name_prefix": "",
            "key_pair_id": "key-02632792749d08d7b",
            "key_type": "rsa",
            "public_key": "ssh-rsa AAAAB3NzaC1yc2EAAAADAQABAAABAQC/722OPEQ9bQk1NYxtKMy7iz2Dt1aK+Vyolbizz0cMrUuQllIxqiI6p6LBCK5agnHEjyqxwqva41CpKDbOIWFfewZ/6kWXQGvSJKqeZ2Fd92aTRMmndU9zv06/ZCR+rFSEccMI9Wr+VYDYMHaZ2BDe3hWfjd7nruqsWg8/XFJkiF4q+ygjsBgcefJNzb4jzxoJslVsWdp4PjQ2niOZ87/cr+nCrsEcRQHn3Ej/auimv1IOQLEDpo8KdwHri/m/X9/10x0iB09AafnAJWM0INW12Ii+TKf+oc49VIThDO5/+kTUjCAZC5P88mysEvAPg1Tt+AOQ2POrgmeHL0dQYcpP",
            "tags": {
              "Costcenter": "devops2402"
            },
            "tags_all": {
              "Costcenter": "devops2402"
            }
          },
          "sensitive_attributes": [],
          "private": "eyJzY2hlbWFfdmVyc2lvbiI6IjEifQ==",
          "dependencies": [
            "tls_private_key.public-ec2-key-pair-generator"
          ]
        }
      ]
    },
    {
      "mode": "managed",
      "type": "aws_route_table",
      "name": "cau-private-routetb-Dec2",
      "provider": "provider[\"registry.terraform.io/hashicorp/aws\"]",
      "instances": [
        {
          "schema_version": 0,
          "attributes": {
            "arn": "arn:aws:ec2:ap-southeast-1:774305578623:route-table/rtb-0d184516ec40c554a",
            "id": "rtb-0d184516ec40c554a",
            "owner_id": "774305578623",
            "propagating_vgws": [],
            "route": [],
            "tags": {
              "Costcenter": "devops2402",
              "Name": "cau-private-routetb-Dec2"
            },
            "tags_all": {
              "Costcenter": "devops2402",
              "Name": "cau-private-routetb-Dec2"
            },
            "timeouts": null,
            "vpc_id": "vpc-0d1c3df04231b05fa"
          },
          "sensitive_attributes": [],
          "private": "eyJlMmJmYjczMC1lY2FhLTExZTYtOGY4OC0zNDM2M2JjN2M0YzAiOnsiY3JlYXRlIjozMDAwMDAwMDAwMDAsImRlbGV0ZSI6MzAwMDAwMDAwMDAwLCJ1cGRhdGUiOjEyMDAwMDAwMDAwMH19",
          "dependencies": [
            "aws_vpc.cau-vpc-Dec2-1"
          ]
        }
      ]
    },
    {
      "mode": "managed",
      "type": "aws_route_table",
      "name": "cau-public-routetb-Dec2",
      "provider": "provider[\"registry.terraform.io/hashicorp/aws\"]",
      "instances": [
        {
          "schema_version": 0,
          "attributes": {
            "arn": "arn:aws:ec2:ap-southeast-1:774305578623:route-table/rtb-0516c8f683ab3d137",
            "id": "rtb-0516c8f683ab3d137",
            "owner_id": "774305578623",
            "propagating_vgws": [],
            "route": [
              {
                "carrier_gateway_id": "",
                "cidr_block": "0.0.0.0/0",
                "core_network_arn": "",
                "destination_prefix_list_id": "",
                "egress_only_gateway_id": "",
                "gateway_id": "igw-05a8c10289688e106",
                "ipv6_cidr_block": "",
                "local_gateway_id": "",
                "nat_gateway_id": "",
                "network_interface_id": "",
                "transit_gateway_id": "",
                "vpc_endpoint_id": "",
                "vpc_peering_connection_id": ""
              }
            ],
            "tags": {
              "Costcenter": "devops2402",
              "Name": "cau-public-routetb-Dec2"
            },
            "tags_all": {
              "Costcenter": "devops2402",
              "Name": "cau-public-routetb-Dec2"
            },
            "timeouts": null,
            "vpc_id": "vpc-0d1c3df04231b05fa"
          },
          "sensitive_attributes": [],
          "private": "eyJlMmJmYjczMC1lY2FhLTExZTYtOGY4OC0zNDM2M2JjN2M0YzAiOnsiY3JlYXRlIjozMDAwMDAwMDAwMDAsImRlbGV0ZSI6MzAwMDAwMDAwMDAwLCJ1cGRhdGUiOjEyMDAwMDAwMDAwMH19",
          "dependencies": [
            "aws_internet_gateway.cau-internetgw-Dec2",
            "aws_vpc.cau-vpc-Dec2-1"
          ]
        }
      ]
    },
    {
      "mode": "managed",
      "type": "aws_route_table_association",
      "name": "private-association",
      "provider": "provider[\"registry.terraform.io/hashicorp/aws\"]",
      "instances": [
        {
          "schema_version": 0,
          "attributes": {
            "gateway_id": "",
            "id": "rtbassoc-0beb04125874d7472",
            "route_table_id": "rtb-0d184516ec40c554a",
            "subnet_id": "subnet-012457b3130338c28",
            "timeouts": null
          },
          "sensitive_attributes": [],
          "private": "eyJlMmJmYjczMC1lY2FhLTExZTYtOGY4OC0zNDM2M2JjN2M0YzAiOnsiY3JlYXRlIjozMDAwMDAwMDAwMDAsImRlbGV0ZSI6MzAwMDAwMDAwMDAwLCJ1cGRhdGUiOjEyMDAwMDAwMDAwMH19",
          "dependencies": [
            "aws_route_table.cau-private-routetb-Dec2",
            "aws_subnet.cau-private-subnet-Dec2-1",
            "aws_vpc.cau-vpc-Dec2-1"
          ]
        }
      ]
    },
    {
      "mode": "managed",
      "type": "aws_route_table_association",
      "name": "public-association",
      "provider": "provider[\"registry.terraform.io/hashicorp/aws\"]",
      "instances": [
        {
          "schema_version": 0,
          "attributes": {
            "gateway_id": "",
            "id": "rtbassoc-05de3270397673b15",
            "route_table_id": "rtb-0516c8f683ab3d137",
            "subnet_id": "subnet-0d53dec704f1041f0",
            "timeouts": null
          },
          "sensitive_attributes": [],
          "private": "eyJlMmJmYjczMC1lY2FhLTExZTYtOGY4OC0zNDM2M2JjN2M0YzAiOnsiY3JlYXRlIjozMDAwMDAwMDAwMDAsImRlbGV0ZSI6MzAwMDAwMDAwMDAwLCJ1cGRhdGUiOjEyMDAwMDAwMDAwMH19",
          "dependencies": [
            "aws_internet_gateway.cau-internetgw-Dec2",
            "aws_route_table.cau-public-routetb-Dec2",
            "aws_subnet.cau-public-subnet-Dec2-1",
            "aws_vpc.cau-vpc-Dec2-1"
          ]
        }
      ]
    },
    {
      "mode": "managed",
      "type": "aws_security_group",
      "name": "securitygr-private-ec2",
      "provider": "provider[\"registry.terraform.io/hashicorp/aws\"]",
      "instances": [
        {
          "schema_version": 1,
          "attributes": {
            "arn": "arn:aws:ec2:ap-southeast-1:774305578623:security-group/sg-0bcb5f1be3205b860",
            "description": "Managed by Terraform",
            "egress": [
              {
                "cidr_blocks": [
                  "10.0.0.0/26"
                ],
                "description": "",
                "from_port": 0,
                "ipv6_cidr_blocks": [],
                "prefix_list_ids": [],
                "protocol": "-1",
                "security_groups": [],
                "self": false,
                "to_port": 0
              }
            ],
            "id": "sg-0bcb5f1be3205b860",
            "ingress": [
              {
                "cidr_blocks": [
                  "10.0.0.0/26"
                ],
                "description": "",
                "from_port": 0,
                "ipv6_cidr_blocks": [],
                "prefix_list_ids": [],
                "protocol": "-1",
                "security_groups": [],
                "self": false,
                "to_port": 0
              }
            ],
            "name": "securitygr-private-ec2",
            "name_prefix": "",
            "owner_id": "774305578623",
            "revoke_rules_on_delete": false,
            "tags": {
              "Costcenter": "devops2402"
            },
            "tags_all": {
              "Costcenter": "devops2402"
            },
            "timeouts": null,
            "vpc_id": "vpc-0d1c3df04231b05fa"
          },
          "sensitive_attributes": [],
          "private": "eyJlMmJmYjczMC1lY2FhLTExZTYtOGY4OC0zNDM2M2JjN2M0YzAiOnsiY3JlYXRlIjo2MDAwMDAwMDAwMDAsImRlbGV0ZSI6OTAwMDAwMDAwMDAwfSwic2NoZW1hX3ZlcnNpb24iOiIxIn0=",
          "dependencies": [
            "aws_vpc.cau-vpc-Dec2-1"
          ]
        }
      ]
    },
    {
      "mode": "managed",
      "type": "aws_security_group",
      "name": "securitygr-public-ec2",
      "provider": "provider[\"registry.terraform.io/hashicorp/aws\"]",
      "instances": [
        {
          "schema_version": 1,
          "attributes": {
            "arn": "arn:aws:ec2:ap-southeast-1:774305578623:security-group/sg-04036ba2059f2e3ae",
            "description": "Managed by Terraform",
            "egress": [
              {
                "cidr_blocks": [
                  "0.0.0.0/0"
                ],
                "description": "",
                "from_port": 0,
                "ipv6_cidr_blocks": [],
                "prefix_list_ids": [],
                "protocol": "-1",
                "security_groups": [],
                "self": false,
                "to_port": 0
              }
            ],
            "id": "sg-04036ba2059f2e3ae",
            "ingress": [
              {
                "cidr_blocks": [
                  "0.0.0.0/0"
                ],
                "description": "",
                "from_port": 22,
                "ipv6_cidr_blocks": [],
                "prefix_list_ids": [],
                "protocol": "tcp",
                "security_groups": [],
                "self": false,
                "to_port": 22
              },
              {
                "cidr_blocks": [
                  "0.0.0.0/0"
                ],
                "description": "",
                "from_port": 80,
                "ipv6_cidr_blocks": [],
                "prefix_list_ids": [],
                "protocol": "tcp",
                "security_groups": [],
                "self": false,
                "to_port": 80
              },
              {
                "cidr_blocks": [
                  "42.113.60.161/32"
                ],
                "description": "",
                "from_port": 0,
                "ipv6_cidr_blocks": [],
                "prefix_list_ids": [],
                "protocol": "-1",
                "security_groups": [],
                "self": false,
                "to_port": 0
              }
            ],
            "name": "securitygr-public-ec2",
            "name_prefix": "",
            "owner_id": "774305578623",
            "revoke_rules_on_delete": false,
            "tags": {
              "Costcenter": "devops2402"
            },
            "tags_all": {
              "Costcenter": "devops2402"
            },
            "timeouts": null,
            "vpc_id": "vpc-0d1c3df04231b05fa"
          },
          "sensitive_attributes": [],
          "private": "eyJlMmJmYjczMC1lY2FhLTExZTYtOGY4OC0zNDM2M2JjN2M0YzAiOnsiY3JlYXRlIjo2MDAwMDAwMDAwMDAsImRlbGV0ZSI6OTAwMDAwMDAwMDAwfSwic2NoZW1hX3ZlcnNpb24iOiIxIn0=",
          "dependencies": [
            "aws_vpc.cau-vpc-Dec2-1"
          ]
        }
      ]
    },
    {
      "mode": "managed",
      "type": "aws_subnet",
      "name": "cau-private-subnet-Dec2-1",
      "provider": "provider[\"registry.terraform.io/hashicorp/aws\"]",
      "instances": [
        {
          "schema_version": 1,
          "attributes": {
            "arn": "arn:aws:ec2:ap-southeast-1:774305578623:subnet/subnet-012457b3130338c28",
            "assign_ipv6_address_on_creation": false,
            "availability_zone": "ap-southeast-1a",
            "availability_zone_id": "apse1-az1",
            "cidr_block": "10.0.0.16/28",
            "customer_owned_ipv4_pool": "",
            "enable_dns64": false,
            "enable_lni_at_device_index": 0,
            "enable_resource_name_dns_a_record_on_launch": false,
            "enable_resource_name_dns_aaaa_record_on_launch": false,
            "id": "subnet-012457b3130338c28",
            "ipv6_cidr_block": "",
            "ipv6_cidr_block_association_id": "",
            "ipv6_native": false,
            "map_customer_owned_ip_on_launch": false,
            "map_public_ip_on_launch": false,
            "outpost_arn": "",
            "owner_id": "774305578623",
            "private_dns_hostname_type_on_launch": "ip-name",
            "tags": {
              "Costcenter": "devops2402",
              "Name": "cau-private-subnet-Dec2-1"
            },
            "tags_all": {
              "Costcenter": "devops2402",
              "Name": "cau-private-subnet-Dec2-1"
            },
            "timeouts": null,
            "vpc_id": "vpc-0d1c3df04231b05fa"
          },
          "sensitive_attributes": [],
          "private": "eyJlMmJmYjczMC1lY2FhLTExZTYtOGY4OC0zNDM2M2JjN2M0YzAiOnsiY3JlYXRlIjo2MDAwMDAwMDAwMDAsImRlbGV0ZSI6MTIwMDAwMDAwMDAwMH0sInNjaGVtYV92ZXJzaW9uIjoiMSJ9",
          "dependencies": [
            "aws_vpc.cau-vpc-Dec2-1"
          ]
        }
      ]
    },
    {
      "mode": "managed",
      "type": "aws_subnet",
      "name": "cau-public-subnet-Dec2-1",
      "provider": "provider[\"registry.terraform.io/hashicorp/aws\"]",
      "instances": [
        {
          "schema_version": 1,
          "attributes": {
            "arn": "arn:aws:ec2:ap-southeast-1:774305578623:subnet/subnet-0d53dec704f1041f0",
            "assign_ipv6_address_on_creation": false,
            "availability_zone": "ap-southeast-1c",
            "availability_zone_id": "apse1-az3",
            "cidr_block": "10.0.0.0/28",
            "customer_owned_ipv4_pool": "",
            "enable_dns64": false,
            "enable_lni_at_device_index": 0,
            "enable_resource_name_dns_a_record_on_launch": false,
            "enable_resource_name_dns_aaaa_record_on_launch": false,
            "id": "subnet-0d53dec704f1041f0",
            "ipv6_cidr_block": "",
            "ipv6_cidr_block_association_id": "",
            "ipv6_native": false,
            "map_customer_owned_ip_on_launch": false,
            "map_public_ip_on_launch": true,
            "outpost_arn": "",
            "owner_id": "774305578623",
            "private_dns_hostname_type_on_launch": "ip-name",
            "tags": {
              "Costcenter": "devops2402",
              "Name": "cau-public-subnet-Dec2-1"
            },
            "tags_all": {
              "Costcenter": "devops2402",
              "Name": "cau-public-subnet-Dec2-1"
            },
            "timeouts": null,
            "vpc_id": "vpc-0d1c3df04231b05fa"
          },
          "sensitive_attributes": [],
          "private": "eyJlMmJmYjczMC1lY2FhLTExZTYtOGY4OC0zNDM2M2JjN2M0YzAiOnsiY3JlYXRlIjo2MDAwMDAwMDAwMDAsImRlbGV0ZSI6MTIwMDAwMDAwMDAwMH0sInNjaGVtYV92ZXJzaW9uIjoiMSJ9",
          "dependencies": [
            "aws_vpc.cau-vpc-Dec2-1"
          ]
        }
      ]
    },
    {
      "mode": "managed",
      "type": "aws_vpc",
      "name": "cau-vpc-Dec2-1",
      "provider": "provider[\"registry.terraform.io/hashicorp/aws\"]",
      "instances": [
        {
          "schema_version": 1,
          "attributes": {
            "arn": "arn:aws:ec2:ap-southeast-1:774305578623:vpc/vpc-0d1c3df04231b05fa",
            "assign_generated_ipv6_cidr_block": false,
            "cidr_block": "10.0.0.0/26",
            "default_network_acl_id": "acl-0af2fd44be194f515",
            "default_route_table_id": "rtb-02eb814248d500585",
            "default_security_group_id": "sg-0d50ed4cc9cb5a75f",
            "dhcp_options_id": "dopt-00fc7e821a9acd6e7",
            "enable_dns_hostnames": false,
            "enable_dns_support": true,
            "enable_network_address_usage_metrics": false,
            "id": "vpc-0d1c3df04231b05fa",
            "instance_tenancy": "default",
            "ipv4_ipam_pool_id": null,
            "ipv4_netmask_length": null,
            "ipv6_association_id": "",
            "ipv6_cidr_block": "",
            "ipv6_cidr_block_network_border_group": "",
            "ipv6_ipam_pool_id": "",
            "ipv6_netmask_length": 0,
            "main_route_table_id": "rtb-02eb814248d500585",
            "owner_id": "774305578623",
            "tags": {
              "Costcenter": "devops2402",
              "Name": "cau-vpc-Dec2-1"
            },
            "tags_all": {
              "Costcenter": "devops2402",
              "Name": "cau-vpc-Dec2-1"
            }
          },
          "sensitive_attributes": [],
          "private": "eyJzY2hlbWFfdmVyc2lvbiI6IjEifQ=="
        }
      ]
    },
    {
      "mode": "managed",
      "type": "local_file",
      "name": "private-ec2-private-key",
      "provider": "provider[\"registry.terraform.io/hashicorp/local\"]",
      "instances": [
        {
          "schema_version": 0,
          "attributes": {
            "content": "-----BEGIN OPENSSH PRIVATE KEY-----\nb3BlbnNzaC1rZXktdjEAAAAABG5vbmUAAAAEbm9uZQAAAAAAAAABAAABFwAAAAdz\nc2gtcnNhAAAAAwEAAQAAAQEAxfByUcW4N5YUE5M5VKnROUdNukxRFpcRKWPhJ7T1\nEq8bGYpMdM2BkMjVeuPFkgIkUhcRkINKCTmu5VLmdXK8At9kQaI9faQPQq8DSDjT\ndaOPBmJqjDKFrpY3+eh0s2yW/b0HGt6mIrhsgrIirIPgvUg8hNsMH5ZLQBlfDaip\nJ5SXDm+qG3dStbgB6I9N4INlePha4Z4u/xsb6SiKOQdaxMMSdKQZSLd6L+BsoGU7\nRv8Wzk/J1bieILUBrrUAmHnfd1Tl2kpVBEnR6EIeKO/81DkSAZPxJS3kY78skWj0\n+Y/ukDXFLZnrymvbIIeIao4ZZIR2AVVQJimhPbP8cdv+xwAAA7icG2qrnBtqqwAA\nAAdzc2gtcnNhAAABAQDF8HJRxbg3lhQTkzlUqdE5R026TFEWlxEpY+EntPUSrxsZ\nikx0zYGQyNV648WSAiRSFxGQg0oJOa7lUuZ1crwC32RBoj19pA9CrwNIONN1o48G\nYmqMMoWuljf56HSzbJb9vQca3qYiuGyCsiKsg+C9SDyE2wwflktAGV8NqKknlJcO\nb6obd1K1uAHoj03gg2V4+Frhni7/GxvpKIo5B1rEwxJ0pBlIt3ov4GygZTtG/xbO\nT8nVuJ4gtQGutQCYed93VOXaSlUESdHoQh4o7/zUORIBk/ElLeRjvyyRaPT5j+6Q\nNcUtmevKa9sgh4hqjhlkhHYBVVAmKaE9s/xx2/7HAAAAAwEAAQAAAQBzFZHiKWsq\nJoAVwYubxgB3pRV0M9sRn1PDFOdcBsJW0qiW+OnrH3EtlRdKFBRTCBvF/tOfijYJ\nlxgxDTohH0xg/zFzV7kYy8Jzqv3lh+SqiSYnOCFq0hUXpQ92pcj0aTaA4N64qKs/\nlKrCcn/mfea1JsLJG/K4itHFuvqhHmb7M0uONR08VABx8RO0pPAkq3HS3Mq6Uzbe\nWt0noMrLuNrNIRCSzOu9ovP8N6WVxqHXc8of6twgrEHxgPmEZzWtzm1EL4AxDB4k\n7o+/yYhDq/No+lak6S6PDCpYut5FGwIfaXqFRlYq0wi4X4BV1dxzF0HWJeVEdS42\n/sDvIAJqOSMBAAAAgQDWvKc22aDr5vTsYExn0t/30/Z0mG/iQdMZxWX6z/RPsCId\n31PhQwzDL9VMLfJBns5YKLzQw/igzCWPA6Rkj0AWLm0ZRBBbz4EzmUoFeLhHG9RU\ncUqqgATcTmOyNAANIqBxc+RAmSzTKLGh5Q9xeWQIHaT2lfaZoJG7lPhtAD+szAAA\nAIEA2M+gkrHojmOnQJSvPVnsjyTExK19OQ+EMd7hYVMW/cb16oz8+ZAWO5RGfNSg\nwqaTodp4NYO8OzQAzKAqqATpTxOjgZa1ZkhBVbBw/3FFMYQR4aPGm2d4oxsG04fU\nmuxY5FkXDBzxJyWkIf0HfocdXa++cnlmXAtwSnCfr2sK6/cAAACBAOm3k00K9BpU\nopadE0D+zG8Jjirt5Phl0pqxH9qcfsArWnlOfSgkdNaO1raScbPQzvyj8It7XnVS\nRHIT9st0hlTRyjGTh4BGq6Gw9JfUZNIo4PF8mcSDbWKTICQmYTBvR74QM3JFifJp\n7M3nNRlcgkaNwSdPpKgF/20souINx6+xAAAAAAEC\n-----END OPENSSH PRIVATE KEY-----\n",
            "content_base64": null,
            "content_base64sha256": "UhfzepqW+D8K6a02gVLrsB+xgcRl0BeDjAxkkh3ii98=",
            "content_base64sha512": "WQWSXAuDi+DI6khYIi7g3yXSGU8JTLvbvg3MBcCfj61ecTUPiDQLxOC5OEdm1dAEszaD0+jQUw4gf2GAoz7Qzw==",
            "content_md5": "0e3c3ad073ae46e88e05e6c857cf3a55",
            "content_sha1": "d512534b250d0ec6b62b3f12f2788ca22259923f",
            "content_sha256": "5217f37a9a96f83f0ae9ad368152ebb01fb181c465d017838c0c64921de28bdf",
            "content_sha512": "5905925c0b838be0c8ea4858222ee0df25d2194f094cbbdbbe0dcc05c09f8fad5e71350f88340bc4e0b9384766d5d004b33683d3e8d0530e207f6180a33ed0cf",
            "directory_permission": "0777",
            "file_permission": "0777",
            "filename": "./keypairs/private-ec2-private-key.pem",
            "id": "d512534b250d0ec6b62b3f12f2788ca22259923f",
            "sensitive_content": null,
            "source": null
          },
          "sensitive_attributes": [
            [
              {
                "type": "get_attr",
                "value": "content"
              }
            ],
            [
              {
                "type": "get_attr",
                "value": "sensitive_content"
              }
            ]
          ],
          "dependencies": [
            "tls_private_key.private-ec2-key-pair-generator"
          ]
        }
      ]
    },
    {
      "mode": "managed",
      "type": "local_file",
      "name": "private-ec2-public-key",
      "provider": "provider[\"registry.terraform.io/hashicorp/local\"]",
      "instances": [
        {
          "schema_version": 0,
          "attributes": {
            "content": "ssh-rsa AAAAB3NzaC1yc2EAAAADAQABAAABAQDF8HJRxbg3lhQTkzlUqdE5R026TFEWlxEpY+EntPUSrxsZikx0zYGQyNV648WSAiRSFxGQg0oJOa7lUuZ1crwC32RBoj19pA9CrwNIONN1o48GYmqMMoWuljf56HSzbJb9vQca3qYiuGyCsiKsg+C9SDyE2wwflktAGV8NqKknlJcOb6obd1K1uAHoj03gg2V4+Frhni7/GxvpKIo5B1rEwxJ0pBlIt3ov4GygZTtG/xbOT8nVuJ4gtQGutQCYed93VOXaSlUESdHoQh4o7/zUORIBk/ElLeRjvyyRaPT5j+6QNcUtmevKa9sgh4hqjhlkhHYBVVAmKaE9s/xx2/7H",
            "content_base64": null,
            "content_base64sha256": "d2oJXvvX8GBmm0HcRAcbtJVVpllhSOkkP3j2woqcRjs=",
            "content_base64sha512": "hgtXzyIX+HvyZCUy/8oOn4sfjn8whstscnEulh3W9cBRxt4JTgaEVYM60r3RuwuqJ6l6WOwfShBhVOREU11QFA==",
            "content_md5": "0b1e0060a7702b746f9615b365075b76",
            "content_sha1": "4703d66041cc06b39264cd8e77c1919854bf280a",
            "content_sha256": "776a095efbd7f060669b41dc44071bb49555a6596148e9243f78f6c28a9c463b",
            "content_sha512": "860b57cf2217f87bf2642532ffca0e9f8b1f8e7f3086cb6c72712e961dd6f5c051c6de094e068455833ad2bdd1bb0baa27a97a58ec1f4a106154e444535d5014",
            "directory_permission": "0777",
            "file_permission": "0777",
            "filename": "./keypairs/private-ec2-public-key.pub",
            "id": "4703d66041cc06b39264cd8e77c1919854bf280a",
            "sensitive_content": null,
            "source": null
          },
          "sensitive_attributes": [
            [
              {
                "type": "get_attr",
                "value": "sensitive_content"
              }
            ]
          ],
          "dependencies": [
            "aws_key_pair.private-ec2-key-pair",
            "tls_private_key.private-ec2-key-pair-generator"
          ]
        }
      ]
    },
    {
      "mode": "managed",
      "type": "local_file",
      "name": "public-ec2-private-key",
      "provider": "provider[\"registry.terraform.io/hashicorp/local\"]",
      "instances": [
        {
          "schema_version": 0,
          "attributes": {
            "content": "-----BEGIN OPENSSH PRIVATE KEY-----\nb3BlbnNzaC1rZXktdjEAAAAABG5vbmUAAAAEbm9uZQAAAAAAAAABAAABFwAAAAdz\nc2gtcnNhAAAAAwEAAQAAAQEAv+9tjjxEPW0JNTWMbSjMu4s9g7dWivlcqJW4s89H\nDK1LkJZSMaoiOqeiwQiuWoJxxI8qscKr2uNQqSg2ziFhX3sGf+pFl0Br0iSqnmdh\nXfdmk0TJp3VPc79Ov2QkfqxUhHHDCPVq/lWA2DB2mdgQ3t4Vn43e567qrFoPP1xS\nZIheKvsoI7AYHHnyTc2+I88aCbJVbFnaeD40Np4jmfO/3K/pwq7BHEUB59xI/2ro\npr9SDkCxA6aPCncB64v5v1/f9dMdIgdPQGn5wCVjNCDVtdiIvkyn/qHOPVSE4Qzu\nf/pE1IwgGQuT/PJsrBLwD4NU7fgDkNjzq4Jnhy9HUGHKTwAAA7gfjc9AH43PQAAA\nAAdzc2gtcnNhAAABAQC/722OPEQ9bQk1NYxtKMy7iz2Dt1aK+Vyolbizz0cMrUuQ\nllIxqiI6p6LBCK5agnHEjyqxwqva41CpKDbOIWFfewZ/6kWXQGvSJKqeZ2Fd92aT\nRMmndU9zv06/ZCR+rFSEccMI9Wr+VYDYMHaZ2BDe3hWfjd7nruqsWg8/XFJkiF4q\n+ygjsBgcefJNzb4jzxoJslVsWdp4PjQ2niOZ87/cr+nCrsEcRQHn3Ej/auimv1IO\nQLEDpo8KdwHri/m/X9/10x0iB09AafnAJWM0INW12Ii+TKf+oc49VIThDO5/+kTU\njCAZC5P88mysEvAPg1Tt+AOQ2POrgmeHL0dQYcpPAAAAAwEAAQAAAQAcJ/V8Xh7s\nm+gz5A0bnlaaVIzLm8OYU4hiOsSDrC6SD4H8TfD01C59SEY55xocsPIbkZ0DwrkP\nPTWB+yI/DuqH5TZI4Ycf7xViGHrnDedcr4ReqkKizDTBmBjnPruT0Zf8bevcjpQJ\nh2WFUWa0ntuqtg2aAGfouOI4MmX2N4bmtFGC/DMcQuJmASmJizAiIpALunOBHm8Y\nWYEht0IlpImJVBhrEYnRaE0f4TjJOMolGJB4ILZksj+C52JMU8ZxGlVxInX21zxi\n2Fy1f3gMyKbZ17aj/Va89w8JfGIIQEnHfhOVvk8aaQyvW+0E3VdcFYguGMR1SoxT\nS6M5pMnpEpEhAAAAgQC32K6Ajl15j6/dnVkQZNVRv284ONxkHPbh00/YRYiIlSeN\nULKOJToCBr9E5VDewGiKIlyN4k5KTTJg9RZrDlIHGI6p+Q5Il+nYTCqHLiry9lI7\nsynkKEfHFmwVIcDscHg1mlK1qqsOuOaOdNqaF+qml+MZAhv2jtjklBpgBUyZXgAA\nAIEA3WK3g3+MOQbwnypK2vqxXE6rFtgfMlAIM4QUkOfWMy7cpkLkNI6jjLjyrOX2\nyUwMmf98cHO6gBzqH6cRvCleMb3+l/lppzRlK9E+XFhL86spo3VE3DuhUP7ywb7U\n8qj3ZIGw1oABaRitfgXTjO8tihHKhcOeqycj6PuRkH0FSncAAACBAN3x6vhLJmj+\nHZnKSemRvrprxUf2pbHvbKgnbFbdm2oeoWxQtt/ERJDRcIq57JqJppaYPcSLpQJ9\nGpCv/63Fs/dMjJiCUddIVmdrdnTTL3sIN+jcfvZ29U40VP5j7XpvOENUq4xBN5DC\nRqBXr5dHZqrdASr8z7qYSahRJBcP9BzpAAAAAAEC\n-----END OPENSSH PRIVATE KEY-----\n",
            "content_base64": null,
            "content_base64sha256": "tr2Kz0h+FtPE89av71WDyoC1s94ksg7wsSHatKmlNYM=",
            "content_base64sha512": "g6TFi5CDaTY20WQvWJ5XQS60Y8KT9rSv7Dl7Zb0vM150sESUqA9q/YDD7I9vuwwS5zw+vLfFI74fRdC/SqFtBQ==",
            "content_md5": "b800e45d6cd9b6f2ed95a9fe58d6e5bc",
            "content_sha1": "94ab7ce5417dc24d5b519d6edd2854da40d4c9cb",
            "content_sha256": "b6bd8acf487e16d3c4f3d6afef5583ca80b5b3de24b20ef0b121dab4a9a53583",
            "content_sha512": "83a4c58b9083693636d1642f589e57412eb463c293f6b4afec397b65bd2f335e74b04494a80f6afd80c3ec8f6fbb0c12e73c3ebcb7c523be1f45d0bf4aa16d05",
            "directory_permission": "0777",
            "file_permission": "0777",
            "filename": "./keypairs/public-ec2-private-key.pem",
            "id": "94ab7ce5417dc24d5b519d6edd2854da40d4c9cb",
            "sensitive_content": null,
            "source": null
          },
          "sensitive_attributes": [
            [
              {
                "type": "get_attr",
                "value": "content"
              }
            ],
            [
              {
                "type": "get_attr",
                "value": "sensitive_content"
              }
            ]
          ],
          "dependencies": [
            "tls_private_key.public-ec2-key-pair-generator"
          ]
        }
      ]
    },
    {
      "mode": "managed",
      "type": "local_file",
      "name": "public-ec2-public-key",
      "provider": "provider[\"registry.terraform.io/hashicorp/local\"]",
      "instances": [
        {
          "schema_version": 0,
          "attributes": {
            "content": "ssh-rsa AAAAB3NzaC1yc2EAAAADAQABAAABAQC/722OPEQ9bQk1NYxtKMy7iz2Dt1aK+Vyolbizz0cMrUuQllIxqiI6p6LBCK5agnHEjyqxwqva41CpKDbOIWFfewZ/6kWXQGvSJKqeZ2Fd92aTRMmndU9zv06/ZCR+rFSEccMI9Wr+VYDYMHaZ2BDe3hWfjd7nruqsWg8/XFJkiF4q+ygjsBgcefJNzb4jzxoJslVsWdp4PjQ2niOZ87/cr+nCrsEcRQHn3Ej/auimv1IOQLEDpo8KdwHri/m/X9/10x0iB09AafnAJWM0INW12Ii+TKf+oc49VIThDO5/+kTUjCAZC5P88mysEvAPg1Tt+AOQ2POrgmeHL0dQYcpP",
            "content_base64": null,
            "content_base64sha256": "IcZuZKbsao5Gd3hEdE7QBIjn2Pnxzz8GDFPZ7tDjEwo=",
            "content_base64sha512": "hbNDMxU17HTSrezk1ONINnAXUFiCNCTgDjFhcxJX6DlVJt1h1STlmcXmLQQUXk6yGC52nBXiEsG7kTlgl1wKzA==",
            "content_md5": "d918148a4ed2190f1e4ba9a3730da295",
            "content_sha1": "0233a23a49e516c832b3818256e32268b273c4b8",
            "content_sha256": "21c66e64a6ec6a8e46777844744ed00488e7d8f9f1cf3f060c53d9eed0e3130a",
            "content_sha512": "85b343331535ec74d2adece4d4e3483670175058823424e00e3161731257e8395526dd61d524e599c5e62d04145e4eb2182e769c15e212c1bb913960975c0acc",
            "directory_permission": "0777",
            "file_permission": "0777",
            "filename": "./keypairs/public-ec2-public-key.pub",
            "id": "0233a23a49e516c832b3818256e32268b273c4b8",
            "sensitive_content": null,
            "source": null
          },
          "sensitive_attributes": [
            [
              {
                "type": "get_attr",
                "value": "sensitive_content"
              }
            ]
          ],
          "dependencies": [
            "aws_key_pair.public-ec2-key-pair",
            "tls_private_key.public-ec2-key-pair-generator"
          ]
        }
      ]
    },
    {
      "mode": "managed",
      "type": "tls_private_key",
      "name": "private-ec2-key-pair-generator",
      "provider": "provider[\"registry.terraform.io/hashicorp/tls\"]",
      "instances": [
        {
          "schema_version": 1,
          "attributes": {
            "algorithm": "RSA",
            "ecdsa_curve": "P224",
            "id": "0c08252ab5065c1d596b5e48ebb7250ff727b236",
            "private_key_openssh": "-----BEGIN OPENSSH PRIVATE KEY-----\nb3BlbnNzaC1rZXktdjEAAAAABG5vbmUAAAAEbm9uZQAAAAAAAAABAAABFwAAAAdz\nc2gtcnNhAAAAAwEAAQAAAQEAxfByUcW4N5YUE5M5VKnROUdNukxRFpcRKWPhJ7T1\nEq8bGYpMdM2BkMjVeuPFkgIkUhcRkINKCTmu5VLmdXK8At9kQaI9faQPQq8DSDjT\ndaOPBmJqjDKFrpY3+eh0s2yW/b0HGt6mIrhsgrIirIPgvUg8hNsMH5ZLQBlfDaip\nJ5SXDm+qG3dStbgB6I9N4INlePha4Z4u/xsb6SiKOQdaxMMSdKQZSLd6L+BsoGU7\nRv8Wzk/J1bieILUBrrUAmHnfd1Tl2kpVBEnR6EIeKO/81DkSAZPxJS3kY78skWj0\n+Y/ukDXFLZnrymvbIIeIao4ZZIR2AVVQJimhPbP8cdv+xwAAA7icG2qrnBtqqwAA\nAAdzc2gtcnNhAAABAQDF8HJRxbg3lhQTkzlUqdE5R026TFEWlxEpY+EntPUSrxsZ\nikx0zYGQyNV648WSAiRSFxGQg0oJOa7lUuZ1crwC32RBoj19pA9CrwNIONN1o48G\nYmqMMoWuljf56HSzbJb9vQca3qYiuGyCsiKsg+C9SDyE2wwflktAGV8NqKknlJcO\nb6obd1K1uAHoj03gg2V4+Frhni7/GxvpKIo5B1rEwxJ0pBlIt3ov4GygZTtG/xbO\nT8nVuJ4gtQGutQCYed93VOXaSlUESdHoQh4o7/zUORIBk/ElLeRjvyyRaPT5j+6Q\nNcUtmevKa9sgh4hqjhlkhHYBVVAmKaE9s/xx2/7HAAAAAwEAAQAAAQBzFZHiKWsq\nJoAVwYubxgB3pRV0M9sRn1PDFOdcBsJW0qiW+OnrH3EtlRdKFBRTCBvF/tOfijYJ\nlxgxDTohH0xg/zFzV7kYy8Jzqv3lh+SqiSYnOCFq0hUXpQ92pcj0aTaA4N64qKs/\nlKrCcn/mfea1JsLJG/K4itHFuvqhHmb7M0uONR08VABx8RO0pPAkq3HS3Mq6Uzbe\nWt0noMrLuNrNIRCSzOu9ovP8N6WVxqHXc8of6twgrEHxgPmEZzWtzm1EL4AxDB4k\n7o+/yYhDq/No+lak6S6PDCpYut5FGwIfaXqFRlYq0wi4X4BV1dxzF0HWJeVEdS42\n/sDvIAJqOSMBAAAAgQDWvKc22aDr5vTsYExn0t/30/Z0mG/iQdMZxWX6z/RPsCId\n31PhQwzDL9VMLfJBns5YKLzQw/igzCWPA6Rkj0AWLm0ZRBBbz4EzmUoFeLhHG9RU\ncUqqgATcTmOyNAANIqBxc+RAmSzTKLGh5Q9xeWQIHaT2lfaZoJG7lPhtAD+szAAA\nAIEA2M+gkrHojmOnQJSvPVnsjyTExK19OQ+EMd7hYVMW/cb16oz8+ZAWO5RGfNSg\nwqaTodp4NYO8OzQAzKAqqATpTxOjgZa1ZkhBVbBw/3FFMYQR4aPGm2d4oxsG04fU\nmuxY5FkXDBzxJyWkIf0HfocdXa++cnlmXAtwSnCfr2sK6/cAAACBAOm3k00K9BpU\nopadE0D+zG8Jjirt5Phl0pqxH9qcfsArWnlOfSgkdNaO1raScbPQzvyj8It7XnVS\nRHIT9st0hlTRyjGTh4BGq6Gw9JfUZNIo4PF8mcSDbWKTICQmYTBvR74QM3JFifJp\n7M3nNRlcgkaNwSdPpKgF/20souINx6+xAAAAAAEC\n-----END OPENSSH PRIVATE KEY-----\n",
            "private_key_pem": "-----BEGIN RSA PRIVATE KEY-----\nMIIEpAIBAAKCAQEAxfByUcW4N5YUE5M5VKnROUdNukxRFpcRKWPhJ7T1Eq8bGYpM\ndM2BkMjVeuPFkgIkUhcRkINKCTmu5VLmdXK8At9kQaI9faQPQq8DSDjTdaOPBmJq\njDKFrpY3+eh0s2yW/b0HGt6mIrhsgrIirIPgvUg8hNsMH5ZLQBlfDaipJ5SXDm+q\nG3dStbgB6I9N4INlePha4Z4u/xsb6SiKOQdaxMMSdKQZSLd6L+BsoGU7Rv8Wzk/J\n1bieILUBrrUAmHnfd1Tl2kpVBEnR6EIeKO/81DkSAZPxJS3kY78skWj0+Y/ukDXF\nLZnrymvbIIeIao4ZZIR2AVVQJimhPbP8cdv+xwIDAQABAoIBAHMVkeIpayomgBXB\ni5vGAHelFXQz2xGfU8MU51wGwlbSqJb46esfcS2VF0oUFFMIG8X+05+KNgmXGDEN\nOiEfTGD/MXNXuRjLwnOq/eWH5KqJJic4IWrSFRelD3alyPRpNoDg3rioqz+UqsJy\nf+Z95rUmwskb8riK0cW6+qEeZvszS441HTxUAHHxE7Sk8CSrcdLcyrpTNt5a3Seg\nysu42s0hEJLM672i8/w3pZXGoddzyh/q3CCsQfGA+YRnNa3ObUQvgDEMHiTuj7/J\niEOr82j6VqTpLo8MKli63kUbAh9peoVGVirTCLhfgFXV3HMXQdYl5UR1Ljb+wO8g\nAmo5IwECgYEA2M+gkrHojmOnQJSvPVnsjyTExK19OQ+EMd7hYVMW/cb16oz8+ZAW\nO5RGfNSgwqaTodp4NYO8OzQAzKAqqATpTxOjgZa1ZkhBVbBw/3FFMYQR4aPGm2d4\noxsG04fUmuxY5FkXDBzxJyWkIf0HfocdXa++cnlmXAtwSnCfr2sK6/cCgYEA6beT\nTQr0GlSilp0TQP7MbwmOKu3k+GXSmrEf2px+wCtaeU59KCR01o7WtpJxs9DO/KPw\ni3tedVJEchP2y3SGVNHKMZOHgEarobD0l9Rk0ijg8XyZxINtYpMgJCZhMG9HvhAz\nckWJ8mnszec1GVyCRo3BJ0+kqAX/bSyi4g3Hr7ECgYBEEsTG6mcrNezQoR54c+CL\nfS7u1c4IeW+3PNSk+zKv0aVq1IOlU/E3GbIcBaLIGwclfXPa0ZbrO8O4e92Izan3\ncyIWURx5ldw1rGV+PrFL/7yhjQuRxaYiCB1Xk0FUtzqdz78lxXyOHwpuxYRx3LiC\nruhsBuP1qH3EUaJBsKlINwKBgQCMm4jfHOvmu2xluHJQ8/oCA3mokh7i4j9mGZHU\nb7pB2tM/j9z0PZqdSqoahNgrGkCs9eRNxhb59lh/WUts89mtRdmjIeKvZdT0HgXJ\nIlrVpQpPvmq0M22nlGQN25k1Dn3W9uA8q2FmmhuBdMwZSfKGh9ng0KV7AMC+6c/E\nuA2ewQKBgQDWvKc22aDr5vTsYExn0t/30/Z0mG/iQdMZxWX6z/RPsCId31PhQwzD\nL9VMLfJBns5YKLzQw/igzCWPA6Rkj0AWLm0ZRBBbz4EzmUoFeLhHG9RUcUqqgATc\nTmOyNAANIqBxc+RAmSzTKLGh5Q9xeWQIHaT2lfaZoJG7lPhtAD+szA==\n-----END RSA PRIVATE KEY-----\n",
            "private_key_pem_pkcs8": "-----BEGIN PRIVATE KEY-----\nMIIEvgIBADANBgkqhkiG9w0BAQEFAASCBKgwggSkAgEAAoIBAQDF8HJRxbg3lhQT\nkzlUqdE5R026TFEWlxEpY+EntPUSrxsZikx0zYGQyNV648WSAiRSFxGQg0oJOa7l\nUuZ1crwC32RBoj19pA9CrwNIONN1o48GYmqMMoWuljf56HSzbJb9vQca3qYiuGyC\nsiKsg+C9SDyE2wwflktAGV8NqKknlJcOb6obd1K1uAHoj03gg2V4+Frhni7/Gxvp\nKIo5B1rEwxJ0pBlIt3ov4GygZTtG/xbOT8nVuJ4gtQGutQCYed93VOXaSlUESdHo\nQh4o7/zUORIBk/ElLeRjvyyRaPT5j+6QNcUtmevKa9sgh4hqjhlkhHYBVVAmKaE9\ns/xx2/7HAgMBAAECggEAcxWR4ilrKiaAFcGLm8YAd6UVdDPbEZ9TwxTnXAbCVtKo\nlvjp6x9xLZUXShQUUwgbxf7Tn4o2CZcYMQ06IR9MYP8xc1e5GMvCc6r95Yfkqokm\nJzghatIVF6UPdqXI9Gk2gODeuKirP5SqwnJ/5n3mtSbCyRvyuIrRxbr6oR5m+zNL\njjUdPFQAcfETtKTwJKtx0tzKulM23lrdJ6DKy7jazSEQkszrvaLz/Dellcah13PK\nH+rcIKxB8YD5hGc1rc5tRC+AMQweJO6Pv8mIQ6vzaPpWpOkujwwqWLreRRsCH2l6\nhUZWKtMIuF+AVdXccxdB1iXlRHUuNv7A7yACajkjAQKBgQDYz6CSseiOY6dAlK89\nWeyPJMTErX05D4Qx3uFhUxb9xvXqjPz5kBY7lEZ81KDCppOh2ng1g7w7NADMoCqo\nBOlPE6OBlrVmSEFVsHD/cUUxhBHho8abZ3ijGwbTh9Sa7FjkWRcMHPEnJaQh/Qd+\nhx1dr75yeWZcC3BKcJ+vawrr9wKBgQDpt5NNCvQaVKKWnRNA/sxvCY4q7eT4ZdKa\nsR/anH7AK1p5Tn0oJHTWjta2knGz0M78o/CLe151UkRyE/bLdIZU0coxk4eARquh\nsPSX1GTSKODxfJnEg21ikyAkJmEwb0e+EDNyRYnyaezN5zUZXIJGjcEnT6SoBf9t\nLKLiDcevsQKBgEQSxMbqZys17NChHnhz4It9Lu7Vzgh5b7c81KT7Mq/RpWrUg6VT\n8TcZshwFosgbByV9c9rRlus7w7h73YjNqfdzIhZRHHmV3DWsZX4+sUv/vKGNC5HF\npiIIHVeTQVS3Op3PvyXFfI4fCm7FhHHcuIKu6GwG4/WofcRRokGwqUg3AoGBAIyb\niN8c6+a7bGW4clDz+gIDeaiSHuLiP2YZkdRvukHa0z+P3PQ9mp1KqhqE2CsaQKz1\n5E3GFvn2WH9ZS2zz2a1F2aMh4q9l1PQeBckiWtWlCk++arQzbaeUZA3bmTUOfdb2\n4DyrYWaaG4F0zBlJ8oaH2eDQpXsAwL7pz8S4DZ7BAoGBANa8pzbZoOvm9OxgTGfS\n3/fT9nSYb+JB0xnFZfrP9E+wIh3fU+FDDMMv1Uwt8kGezlgovNDD+KDMJY8DpGSP\nQBYubRlEEFvPgTOZSgV4uEcb1FRxSqqABNxOY7I0AA0ioHFz5ECZLNMosaHlD3F5\nZAgdpPaV9pmgkbuU+G0AP6zM\n-----END PRIVATE KEY-----\n",
            "public_key_fingerprint_md5": "ab:99:75:30:fb:b4:ba:1f:66:58:f7:0f:45:e1:22:88",
            "public_key_fingerprint_sha256": "SHA256:kg+29mhFVCB7warAh89bDaORWScdqdJ1+RxLclLaXRo",
            "public_key_openssh": "ssh-rsa AAAAB3NzaC1yc2EAAAADAQABAAABAQDF8HJRxbg3lhQTkzlUqdE5R026TFEWlxEpY+EntPUSrxsZikx0zYGQyNV648WSAiRSFxGQg0oJOa7lUuZ1crwC32RBoj19pA9CrwNIONN1o48GYmqMMoWuljf56HSzbJb9vQca3qYiuGyCsiKsg+C9SDyE2wwflktAGV8NqKknlJcOb6obd1K1uAHoj03gg2V4+Frhni7/GxvpKIo5B1rEwxJ0pBlIt3ov4GygZTtG/xbOT8nVuJ4gtQGutQCYed93VOXaSlUESdHoQh4o7/zUORIBk/ElLeRjvyyRaPT5j+6QNcUtmevKa9sgh4hqjhlkhHYBVVAmKaE9s/xx2/7H\n",
            "public_key_pem": "-----BEGIN PUBLIC KEY-----\nMIIBIjANBgkqhkiG9w0BAQEFAAOCAQ8AMIIBCgKCAQEAxfByUcW4N5YUE5M5VKnR\nOUdNukxRFpcRKWPhJ7T1Eq8bGYpMdM2BkMjVeuPFkgIkUhcRkINKCTmu5VLmdXK8\nAt9kQaI9faQPQq8DSDjTdaOPBmJqjDKFrpY3+eh0s2yW/b0HGt6mIrhsgrIirIPg\nvUg8hNsMH5ZLQBlfDaipJ5SXDm+qG3dStbgB6I9N4INlePha4Z4u/xsb6SiKOQda\nxMMSdKQZSLd6L+BsoGU7Rv8Wzk/J1bieILUBrrUAmHnfd1Tl2kpVBEnR6EIeKO/8\n1DkSAZPxJS3kY78skWj0+Y/ukDXFLZnrymvbIIeIao4ZZIR2AVVQJimhPbP8cdv+\nxwIDAQAB\n-----END PUBLIC KEY-----\n",
            "rsa_bits": 2048
          },
          "sensitive_attributes": [
            [
              {
                "type": "get_attr",
                "value": "private_key_pem"
              }
            ],
            [
              {
                "type": "get_attr",
                "value": "private_key_openssh"
              }
            ],
            [
              {
                "type": "get_attr",
                "value": "private_key_pem_pkcs8"
              }
            ]
          ]
        }
      ]
    },
    {
      "mode": "managed",
      "type": "tls_private_key",
      "name": "public-ec2-key-pair-generator",
      "provider": "provider[\"registry.terraform.io/hashicorp/tls\"]",
      "instances": [
        {
          "schema_version": 1,
          "attributes": {
            "algorithm": "RSA",
            "ecdsa_curve": "P224",
            "id": "242c56ef5ef474aa24d2b0d6154681872896f0be",
            "private_key_openssh": "-----BEGIN OPENSSH PRIVATE KEY-----\nb3BlbnNzaC1rZXktdjEAAAAABG5vbmUAAAAEbm9uZQAAAAAAAAABAAABFwAAAAdz\nc2gtcnNhAAAAAwEAAQAAAQEAv+9tjjxEPW0JNTWMbSjMu4s9g7dWivlcqJW4s89H\nDK1LkJZSMaoiOqeiwQiuWoJxxI8qscKr2uNQqSg2ziFhX3sGf+pFl0Br0iSqnmdh\nXfdmk0TJp3VPc79Ov2QkfqxUhHHDCPVq/lWA2DB2mdgQ3t4Vn43e567qrFoPP1xS\nZIheKvsoI7AYHHnyTc2+I88aCbJVbFnaeD40Np4jmfO/3K/pwq7BHEUB59xI/2ro\npr9SDkCxA6aPCncB64v5v1/f9dMdIgdPQGn5wCVjNCDVtdiIvkyn/qHOPVSE4Qzu\nf/pE1IwgGQuT/PJsrBLwD4NU7fgDkNjzq4Jnhy9HUGHKTwAAA7gfjc9AH43PQAAA\nAAdzc2gtcnNhAAABAQC/722OPEQ9bQk1NYxtKMy7iz2Dt1aK+Vyolbizz0cMrUuQ\nllIxqiI6p6LBCK5agnHEjyqxwqva41CpKDbOIWFfewZ/6kWXQGvSJKqeZ2Fd92aT\nRMmndU9zv06/ZCR+rFSEccMI9Wr+VYDYMHaZ2BDe3hWfjd7nruqsWg8/XFJkiF4q\n+ygjsBgcefJNzb4jzxoJslVsWdp4PjQ2niOZ87/cr+nCrsEcRQHn3Ej/auimv1IO\nQLEDpo8KdwHri/m/X9/10x0iB09AafnAJWM0INW12Ii+TKf+oc49VIThDO5/+kTU\njCAZC5P88mysEvAPg1Tt+AOQ2POrgmeHL0dQYcpPAAAAAwEAAQAAAQAcJ/V8Xh7s\nm+gz5A0bnlaaVIzLm8OYU4hiOsSDrC6SD4H8TfD01C59SEY55xocsPIbkZ0DwrkP\nPTWB+yI/DuqH5TZI4Ycf7xViGHrnDedcr4ReqkKizDTBmBjnPruT0Zf8bevcjpQJ\nh2WFUWa0ntuqtg2aAGfouOI4MmX2N4bmtFGC/DMcQuJmASmJizAiIpALunOBHm8Y\nWYEht0IlpImJVBhrEYnRaE0f4TjJOMolGJB4ILZksj+C52JMU8ZxGlVxInX21zxi\n2Fy1f3gMyKbZ17aj/Va89w8JfGIIQEnHfhOVvk8aaQyvW+0E3VdcFYguGMR1SoxT\nS6M5pMnpEpEhAAAAgQC32K6Ajl15j6/dnVkQZNVRv284ONxkHPbh00/YRYiIlSeN\nULKOJToCBr9E5VDewGiKIlyN4k5KTTJg9RZrDlIHGI6p+Q5Il+nYTCqHLiry9lI7\nsynkKEfHFmwVIcDscHg1mlK1qqsOuOaOdNqaF+qml+MZAhv2jtjklBpgBUyZXgAA\nAIEA3WK3g3+MOQbwnypK2vqxXE6rFtgfMlAIM4QUkOfWMy7cpkLkNI6jjLjyrOX2\nyUwMmf98cHO6gBzqH6cRvCleMb3+l/lppzRlK9E+XFhL86spo3VE3DuhUP7ywb7U\n8qj3ZIGw1oABaRitfgXTjO8tihHKhcOeqycj6PuRkH0FSncAAACBAN3x6vhLJmj+\nHZnKSemRvrprxUf2pbHvbKgnbFbdm2oeoWxQtt/ERJDRcIq57JqJppaYPcSLpQJ9\nGpCv/63Fs/dMjJiCUddIVmdrdnTTL3sIN+jcfvZ29U40VP5j7XpvOENUq4xBN5DC\nRqBXr5dHZqrdASr8z7qYSahRJBcP9BzpAAAAAAEC\n-----END OPENSSH PRIVATE KEY-----\n",
            "private_key_pem": "-----BEGIN RSA PRIVATE KEY-----\nMIIEpAIBAAKCAQEAv+9tjjxEPW0JNTWMbSjMu4s9g7dWivlcqJW4s89HDK1LkJZS\nMaoiOqeiwQiuWoJxxI8qscKr2uNQqSg2ziFhX3sGf+pFl0Br0iSqnmdhXfdmk0TJ\np3VPc79Ov2QkfqxUhHHDCPVq/lWA2DB2mdgQ3t4Vn43e567qrFoPP1xSZIheKvso\nI7AYHHnyTc2+I88aCbJVbFnaeD40Np4jmfO/3K/pwq7BHEUB59xI/2ropr9SDkCx\nA6aPCncB64v5v1/f9dMdIgdPQGn5wCVjNCDVtdiIvkyn/qHOPVSE4Qzuf/pE1Iwg\nGQuT/PJsrBLwD4NU7fgDkNjzq4Jnhy9HUGHKTwIDAQABAoIBABwn9XxeHuyb6DPk\nDRueVppUjMubw5hTiGI6xIOsLpIPgfxN8PTULn1IRjnnGhyw8huRnQPCuQ89NYH7\nIj8O6oflNkjhhx/vFWIYeucN51yvhF6qQqLMNMGYGOc+u5PRl/xt69yOlAmHZYVR\nZrSe26q2DZoAZ+i44jgyZfY3hua0UYL8MxxC4mYBKYmLMCIikAu6c4EebxhZgSG3\nQiWkiYlUGGsRidFoTR/hOMk4yiUYkHggtmSyP4LnYkxTxnEaVXEidfbXPGLYXLV/\neAzIptnXtqP9Vrz3Dwl8YghAScd+E5W+TxppDK9b7QTdV1wViC4YxHVKjFNLozmk\nyekSkSECgYEA3WK3g3+MOQbwnypK2vqxXE6rFtgfMlAIM4QUkOfWMy7cpkLkNI6j\njLjyrOX2yUwMmf98cHO6gBzqH6cRvCleMb3+l/lppzRlK9E+XFhL86spo3VE3Duh\nUP7ywb7U8qj3ZIGw1oABaRitfgXTjO8tihHKhcOeqycj6PuRkH0FSncCgYEA3fHq\n+EsmaP4dmcpJ6ZG+umvFR/alse9sqCdsVt2bah6hbFC238REkNFwirnsmommlpg9\nxIulAn0akK//rcWz90yMmIJR10hWZ2t2dNMvewg36Nx+9nb1TjRU/mPtem84Q1Sr\njEE3kMJGoFevl0dmqt0BKvzPuphJqFEkFw/0HOkCgYEA0PHAvk19bL1OEQr7h12g\nU7yz4WWtW/EJLIX2WyVUlw4dlpX/iFMvrTtJX0HT//zUz+u/6OpxFUU0+xbVuD9a\n9ZuaVJlDzFm5OvfL4aA8Xwgmzm15xlpJUIavW4jetwAeLi/xVSGPMz/lTtH07kk3\nM97CxCjy8hqI2/XDVxmICtUCgYA/OUPTGS1G6WSrQ5nMhG0Nk9euCU/oISkVua0+\nDYDROQqI3XFKyxExI8hobFA/MYkYCyRFUfZegB7KKqit6sy6XL8MTstbhUq/yTgE\nTYiQBqZOmkk8kmSMs5GmqfajUv13CK6ZlJZskTsnP/NQJ9HSSISlp0DRicIpxXt/\nalcCyQKBgQC32K6Ajl15j6/dnVkQZNVRv284ONxkHPbh00/YRYiIlSeNULKOJToC\nBr9E5VDewGiKIlyN4k5KTTJg9RZrDlIHGI6p+Q5Il+nYTCqHLiry9lI7synkKEfH\nFmwVIcDscHg1mlK1qqsOuOaOdNqaF+qml+MZAhv2jtjklBpgBUyZXg==\n-----END RSA PRIVATE KEY-----\n",
            "private_key_pem_pkcs8": "-----BEGIN PRIVATE KEY-----\nMIIEvgIBADANBgkqhkiG9w0BAQEFAASCBKgwggSkAgEAAoIBAQC/722OPEQ9bQk1\nNYxtKMy7iz2Dt1aK+Vyolbizz0cMrUuQllIxqiI6p6LBCK5agnHEjyqxwqva41Cp\nKDbOIWFfewZ/6kWXQGvSJKqeZ2Fd92aTRMmndU9zv06/ZCR+rFSEccMI9Wr+VYDY\nMHaZ2BDe3hWfjd7nruqsWg8/XFJkiF4q+ygjsBgcefJNzb4jzxoJslVsWdp4PjQ2\nniOZ87/cr+nCrsEcRQHn3Ej/auimv1IOQLEDpo8KdwHri/m/X9/10x0iB09AafnA\nJWM0INW12Ii+TKf+oc49VIThDO5/+kTUjCAZC5P88mysEvAPg1Tt+AOQ2POrgmeH\nL0dQYcpPAgMBAAECggEAHCf1fF4e7JvoM+QNG55WmlSMy5vDmFOIYjrEg6wukg+B\n/E3w9NQufUhGOecaHLDyG5GdA8K5Dz01gfsiPw7qh+U2SOGHH+8VYhh65w3nXK+E\nXqpCosw0wZgY5z67k9GX/G3r3I6UCYdlhVFmtJ7bqrYNmgBn6LjiODJl9jeG5rRR\ngvwzHELiZgEpiYswIiKQC7pzgR5vGFmBIbdCJaSJiVQYaxGJ0WhNH+E4yTjKJRiQ\neCC2ZLI/gudiTFPGcRpVcSJ19tc8YthctX94DMim2de2o/1WvPcPCXxiCEBJx34T\nlb5PGmkMr1vtBN1XXBWILhjEdUqMU0ujOaTJ6RKRIQKBgQDdYreDf4w5BvCfKkra\n+rFcTqsW2B8yUAgzhBSQ59YzLtymQuQ0jqOMuPKs5fbJTAyZ/3xwc7qAHOofpxG8\nKV4xvf6X+WmnNGUr0T5cWEvzqymjdUTcO6FQ/vLBvtTyqPdkgbDWgAFpGK1+BdOM\n7y2KEcqFw56rJyPo+5GQfQVKdwKBgQDd8er4SyZo/h2Zyknpkb66a8VH9qWx72yo\nJ2xW3ZtqHqFsULbfxESQ0XCKueyaiaaWmD3Ei6UCfRqQr/+txbP3TIyYglHXSFZn\na3Z00y97CDfo3H72dvVONFT+Y+16bzhDVKuMQTeQwkagV6+XR2aq3QEq/M+6mEmo\nUSQXD/Qc6QKBgQDQ8cC+TX1svU4RCvuHXaBTvLPhZa1b8QkshfZbJVSXDh2Wlf+I\nUy+tO0lfQdP//NTP67/o6nEVRTT7FtW4P1r1m5pUmUPMWbk698vhoDxfCCbObXnG\nWklQhq9biN63AB4uL/FVIY8zP+VO0fTuSTcz3sLEKPLyGojb9cNXGYgK1QKBgD85\nQ9MZLUbpZKtDmcyEbQ2T164JT+ghKRW5rT4NgNE5CojdcUrLETEjyGhsUD8xiRgL\nJEVR9l6AHsoqqK3qzLpcvwxOy1uFSr/JOARNiJAGpk6aSTySZIyzkaap9qNS/XcI\nrpmUlmyROyc/81An0dJIhKWnQNGJwinFe39qVwLJAoGBALfYroCOXXmPr92dWRBk\n1VG/bzg43GQc9uHTT9hFiIiVJ41Qso4lOgIGv0TlUN7AaIoiXI3iTkpNMmD1FmsO\nUgcYjqn5DkiX6dhMKocuKvL2UjuzKeQoR8cWbBUhwOxweDWaUrWqqw645o502poX\n6qaX4xkCG/aO2OSUGmAFTJle\n-----END PRIVATE KEY-----\n",
            "public_key_fingerprint_md5": "52:03:df:af:53:54:d2:36:a2:0d:67:bd:2d:02:b7:8a",
            "public_key_fingerprint_sha256": "SHA256:QIzm+ffxHdyhiAVbn9IywxsoTj0q7B3Z5Uv3wt7MMhU",
            "public_key_openssh": "ssh-rsa AAAAB3NzaC1yc2EAAAADAQABAAABAQC/722OPEQ9bQk1NYxtKMy7iz2Dt1aK+Vyolbizz0cMrUuQllIxqiI6p6LBCK5agnHEjyqxwqva41CpKDbOIWFfewZ/6kWXQGvSJKqeZ2Fd92aTRMmndU9zv06/ZCR+rFSEccMI9Wr+VYDYMHaZ2BDe3hWfjd7nruqsWg8/XFJkiF4q+ygjsBgcefJNzb4jzxoJslVsWdp4PjQ2niOZ87/cr+nCrsEcRQHn3Ej/auimv1IOQLEDpo8KdwHri/m/X9/10x0iB09AafnAJWM0INW12Ii+TKf+oc49VIThDO5/+kTUjCAZC5P88mysEvAPg1Tt+AOQ2POrgmeHL0dQYcpP\n",
            "public_key_pem": "-----BEGIN PUBLIC KEY-----\nMIIBIjANBgkqhkiG9w0BAQEFAAOCAQ8AMIIBCgKCAQEAv+9tjjxEPW0JNTWMbSjM\nu4s9g7dWivlcqJW4s89HDK1LkJZSMaoiOqeiwQiuWoJxxI8qscKr2uNQqSg2ziFh\nX3sGf+pFl0Br0iSqnmdhXfdmk0TJp3VPc79Ov2QkfqxUhHHDCPVq/lWA2DB2mdgQ\n3t4Vn43e567qrFoPP1xSZIheKvsoI7AYHHnyTc2+I88aCbJVbFnaeD40Np4jmfO/\n3K/pwq7BHEUB59xI/2ropr9SDkCxA6aPCncB64v5v1/f9dMdIgdPQGn5wCVjNCDV\ntdiIvkyn/qHOPVSE4Qzuf/pE1IwgGQuT/PJsrBLwD4NU7fgDkNjzq4Jnhy9HUGHK\nTwIDAQAB\n-----END PUBLIC KEY-----\n",
            "rsa_bits": 2048
          },
          "sensitive_attributes": [
            [
              {
                "type": "get_attr",
                "value": "private_key_pem_pkcs8"
              }
            ],
            [
              {
                "type": "get_attr",
                "value": "private_key_pem"
              }
            ],
            [
              {
                "type": "get_attr",
                "value": "private_key_openssh"
              }
            ]
          ]
        }
      ]
    }
  ],
  "check_results": null
}
